
Microsoft Visual Studio Solution File, Format Version 12.00
# Visual Studio Version 17
VisualStudioVersion = 17.14.37502.11 d17.14
MinimumVisualStudioVersion = 10.0.40219.1
Project("{FAE04EC0-301F-11D3-BF4B-00C04F79EFBC}") = "OpenFreq.Testclient", "OpenFreq.Testclient\OpenFreq.Testclient.csproj", "{E4805528-5EE4-4B1F-8736-E4BE7EF540E3}"
EndProject
Project("{FAE04EC0-301F-11D3-BF4B-00C04F79EFBC}") = "OpenFreq.Common", "OpenFreq.Common\OpenFreq.Common.csproj", "{FEBEC17C-50FE-42BA-B833-59E49886DA2D}"
EndProject
Project("{FAE04EC0-301F-11D3-BF4B-00C04F79EFBC}") = "OpenFreq.Client", "OpenFreq.Client\OpenFreq.Client.csproj", "{997C0847-E8C2-49A8-ABC9-986018A2BEB6}"
EndProject
Project("{FAE04EC0-301F-11D3-BF4B-00C04F79EFBC}") = "OpenFreq.Server", "OpenFreq.Server\OpenFreq.Server.csproj", "{828F0C8D-F50A-4B09-9851-29D2AE5E5EEF}"
EndProject
Project("{FAE04EC0-301F-11D3-BF4B-00C04F79EFBC}") = "OpenFreqAudio", "libs\OpenFreqAudio\OpenFreqAudio\OpenFreqAudio.csproj", "{483FE711-B66A-4C26-A55D-F5891BC9B71E}"
EndProject
Project("{FAE04EC0-301F-11D3-BF4B-00C04F79EFBC}") = "OpenFreq.Common.Tests", "OpenFreq.Common.Tests\OpenFreq.Common.Tests.csproj", "{352F3D7C-3B8A-4D0F-9713-29706E8A696D}"
EndProject
Project("{FAE04EC0-301F-11D3-BF4B-00C04F79EFBC}") = "OpenFreq.Server.Tests", "OpenFreq.Server.Tests\OpenFreq.Server.Tests.csproj", "{AF72AB8F-50C9-4167-AC53-1235069EB25A}"
EndProject
Project("{FAE04EC0-301F-11D3-BF4B-00C04F79EFBC}") = "OpenFreq.Client.Tests", "OpenFreq.Client.Tests\OpenFreq.Client.Tests.csproj", "{12B7FD8C-831E-4507-8230-7BADABC8BE94}"
EndProject
Global
	GlobalSection(SolutionConfigurationPlatforms) = preSolution
		Debug|Any CPU = Debug|Any CPU
		Debug|x64 = Debug|x64
		Debug|x86 = Debug|x86
		Release|Any CPU = Release|Any CPU
		Release|x64 = Release|x64
		Release|x86 = Release|x86
	EndGlobalSection
	GlobalSection(ProjectConfigurationPlatforms) = postSolution
		{E4805528-5EE4-4B1F-8736-E4BE7EF540E3}.Debug|Any CPU.ActiveCfg = Debug|Any CPU
		{E4805528-5EE4-4B1F-8736-E4BE7EF540E3}.Debug|Any CPU.Build.0 = Debug|Any CPU
		{E4805528-5EE4-4B1F-8736-E4BE7EF540E3}.Debug|x64.ActiveCfg = Debug|Any CPU
		{E4805528-5EE4-4B1F-8736-E4BE7EF540E3}.Debug|x64.Build.0 = Debug|Any CPU
		{E4805528-5EE4-4B1F-8736-E4BE7EF540E3}.Debug|x86.ActiveCfg = Debug|Any CPU
		{E4805528-5EE4-4B1F-8736-E4BE7EF540E3}.Debug|x86.Build.0 = Debug|Any CPU
		{E4805528-5EE4-4B1F-8736-E4BE7EF540E3}.Release|Any CPU.ActiveCfg = Release|Any CPU
		{E4805528-5EE4-4B1F-8736-E4BE7EF540E3}.Release|Any CPU.Build.0 = Release|Any CPU
		{E4805528-5EE4-4B1F-8736-E4BE7EF540E3}.Release|x64.ActiveCfg = Release|Any CPU
		{E4805528-5EE4-4B1F-8736-E4BE7EF540E3}.Release|x64.Build.0 = Release|Any CPU
		{E4805528-5EE4-4B1F-8736-E4BE7EF540E3}.Release|x86.ActiveCfg = Release|Any CPU
		{E4805528-5EE4-4B1F-8736-E4BE7EF540E3}.Release|x86.Build.0 = Release|Any CPU
		{FEBEC17C-50FE-42BA-B833-59E49886DA2D}.Debug|Any CPU.ActiveCfg = Debug|Any CPU
		{FEBEC17C-50FE-42BA-B833-59E49886DA2D}.Debug|Any CPU.Build.0 = Debug|Any CPU
		{FEBEC17C-50FE-42BA-B833-59E49886DA2D}.Debug|x64.ActiveCfg = Debug|Any CPU
		{FEBEC17C-50FE-42BA-B833-59E49886DA2D}.Debug|x64.Build.0 = Debug|Any CPU
		{FEBEC17C-50FE-42BA-B833-59E49886DA2D}.Debug|x86.ActiveCfg = Debug|Any CPU
		{FEBEC17C-50FE-42BA-B833-59E49886DA2D}.Debug|x86.Build.0 = Debug|Any CPU
		{FEBEC17C-50FE-42BA-B833-59E49886DA2D}.Release|Any CPU.ActiveCfg = Release|Any CPU
		{FEBEC17C-50FE-42BA-B833-59E49886DA2D}.Release|Any CPU.Build.0 = Release|Any CPU
		{FEBEC17C-50FE-42BA-B833-59E49886DA2D}.Release|x64.ActiveCfg = Release|Any CPU
		{FEBEC17C-50FE-42BA-B833-59E49886DA2D}.Release|x64.Build.0 = Release|Any CPU
		{FEBEC17C-50FE-42BA-B833-59E49886DA2D}.Release|x86.ActiveCfg = Release|Any CPU
		{FEBEC17C-50FE-42BA-B833-59E49886DA2D}.Release|x86.Build.0 = Release|Any CPU
		{997C0847-E8C2-49A8-ABC9-986018A2BEB6}.Debug|Any CPU.ActiveCfg = Debug|Any CPU
		{997C0847-E8C2-49A8-ABC9-986018A2BEB6}.Debug|Any CPU.Build.0 = Debug|Any CPU
		{997C0847-E8C2-49A8-ABC9-986018A2BEB6}.Debug|x64.ActiveCfg = Debug|Any CPU
		{997C0847-E8C2-49A8-ABC9-986018A2BEB6}.Debug|x64.Build.0 = Debug|Any CPU
		{997C0847-E8C2-49A8-ABC9-986018A2BEB6}.Debug|x86.ActiveCfg = Debug|Any CPU
		{997C0847-E8C2-49A8-ABC9-986018A2BEB6}.Debug|x86.Build.0 = Debug|Any CPU
		{997C0847-E8C2-49A8-ABC9-986018A2BEB6}.Release|Any CPU.ActiveCfg = Release|Any CPU
		{997C0847-E8C2-49A8-ABC9-986018A2BEB6}.Release|Any CPU.Build.0 = Release|Any CPU
		{997C0847-E8C2-49A8-ABC9-986018A2BEB6}.Release|x64.ActiveCfg = Release|Any CPU
		{997C0847-E8C2-49A8-ABC9-986018A2BEB6}.Release|x64.Build.0 = Release|Any CPU
		{997C0847-E8C2-49A8-ABC9-986018A2BEB6}.Release|x86.ActiveCfg = Release|Any CPU
		{997C0847-E8C2-49A8-ABC9-986018A2BEB6}.Release|x86.Build.0 = Release|Any CPU
		{828F0C8D-F50A-4B09-9851-29D2AE5E5EEF}.Debug|Any CPU.ActiveCfg = Debug|Any CPU
		{828F0C8D-F50A-4B09-9851-29D2AE5E5EEF}.Debug|Any CPU.Build.0 = Debug|Any CPU
		{828F0C8D-F50A-4B09-9851-29D2AE5E5EEF}.Debug|x64.ActiveCfg = Debug|Any CPU
		{828F0C8D-F50A-4B09-9851-29D2AE5E5EEF}.Debug|x64.Build.0 = Debug|Any CPU
		{828F0C8D-F50A-4B09-9851-29D2AE5E5EEF}.Debug|x86.ActiveCfg = Debug|Any CPU
		{828F0C8D-F50A-4B09-9851-29D2AE5E5EEF}.Debug|x86.Build.0 = Debug|Any CPU
		{828F0C8D-F50A-4B09-9851-29D2AE5E5EEF}.Release|Any CPU.ActiveCfg = Release|Any CPU
		{828F0C8D-F50A-4B09-9851-29D2AE5E5EEF}.Release|Any CPU.Build.0 = Release|Any CPU
		{828F0C8D-F50A-4B09-9851-29D2AE5E5EEF}.Release|x64.ActiveCfg = Release|Any CPU
		{828F0C8D-F50A-4B09-9851-29D2AE5E5EEF}.Release|x64.Build.0 = Release|Any CPU
		{828F0C8D-F50A-4B09-9851-29D2AE5E5EEF}.Release|x86.ActiveCfg = Release|Any CPU
		{828F0C8D-F50A-4B09-9851-29D2AE5E5EEF}.Release|x86.Build.0 = Release|Any CPU
		{483FE711-B66A-4C26-A55D-F5891BC9B71E}.Debug|Any CPU.ActiveCfg = Debug|Any CPU
		{483FE711-B66A-4C26-A55D-F5891BC9B71E}.Debug|Any CPU.Build.0 = Debug|Any CPU
		{483FE711-B66A-4C26-A55D-F5891BC9B71E}.Debug|x64.ActiveCfg = Debug|Any CPU
		{483FE711-B66A-4C26-A55D-F5891BC9B71E}.Debug|x64.Build.0 = Debug|Any CPU
		{483FE711-B66A-4C26-A55D-F5891BC9B71E}.Debug|x86.ActiveCfg = Debug|Any CPU
		{483FE711-B66A-4C26-A55D-F5891BC9B71E}.Debug|x86.Build.0 = Debug|Any CPU
		{483FE711-B66A-4C26-A55D-F5891BC9B71E}.Release|Any CPU.ActiveCfg = Release|Any CPU
		{483FE711-B66A-4C26-A55D-F5891BC9B71E}.Release|Any CPU.Build.0 = Release|Any CPU
		{483FE711-B66A-4C26-A55D-F5891BC9B71E}.Release|x64.ActiveCfg = Release|Any CPU
		{483FE711-B66A-4C26-A55D-F5891BC9B71E}.Release|x64.Build.0 = Release|Any CPU
		{483FE711-B66A-4C26-A55D-F5891BC9B71E}.Release|x86.ActiveCfg = Release|Any CPU
		{483FE711-B66A-4C26-A55D-F5891BC9B71E}.Release|x86.Build.0 = Release|Any CPU
		{352F3D7C-3B8A-4D0F-9713-29706E8A696D}.Debug|Any CPU.ActiveCfg = Debug|Any CPU
		{352F3D7C-3B8A-4D0F-9713-29706E8A696D}.Debug|Any CPU.Build.0 = Debug|Any CPU
		{352F3D7C-3B8A-4D0F-9713-29706E8A696D}.Debug|x64.ActiveCfg = Debug|Any CPU
		{352F3D7C-3B8A-4D0F-9713-29706E8A696D}.Debug|x64.Build.0 = Debug|Any CPU
		{352F3D7C-3B8A-4D0F-9713-29706E8A696D}.Debug|x86.ActiveCfg = Debug|Any CPU
		{352F3D7C-3B8A-4D0F-9713-29706E8A696D}.Debug|x86.Build.0 = Debug|Any CPU
		{352F3D7C-3B8A-4D0F-9713-29706E8A696D}.Release|Any CPU.ActiveCfg = Release|Any CPU
		{352F3D7C-3B8A-4D0F-9713-29706E8A696D}.Release|Any CPU.Build.0 = Release|Any CPU
		{352F3D7C-3B8A-4D0F-9713-29706E8A696D}.Release|x64.ActiveCfg = Release|Any CPU
		{352F3D7C-3B8A-4D0F-9713-29706E8A696D}.Release|x64.Build.0 = Release|Any CPU
		{352F3D7C-3B8A-4D0F-9713-29706E8A696D}.Release|x86.ActiveCfg = Release|Any CPU
		{352F3D7C-3B8A-4D0F-9713-29706E8A696D}.Release|x86.Build.0 = Release|Any CPU
		{AF72AB8F-50C9-4167-AC53-1235069EB25A}.Debug|Any CPU.ActiveCfg = Debug|Any CPU
		{AF72AB8F-50C9-4167-AC53-1235069EB25A}.Debug|Any CPU.Build.0 = Debug|Any CPU
		{AF72AB8F-50C9-4167-AC53-1235069EB25A}.Debug|x64.ActiveCfg = Debug|Any CPU
		{AF72AB8F-50C9-4167-AC53-1235069EB25A}.Debug|x64.Build.0 = Debug|Any CPU
		{AF72AB8F-50C9-4167-AC53-1235069EB25A}.Debug|x86.ActiveCfg = Debug|Any CPU
		{AF72AB8F-50C9-4167-AC53-1235069EB25A}.Debug|x86.Build.0 = Debug|Any CPU
		{AF72AB8F-50C9-4167-AC53-1235069EB25A}.Release|Any CPU.ActiveCfg = Release|Any CPU
		{AF72AB8F-50C9-4167-AC53-1235069EB25A}.Release|Any CPU.Build.0 = Release|Any CPU
		{AF72AB8F-50C9-4167-AC53-1235069EB25A}.Release|x64.ActiveCfg = Release|Any CPU
		{AF72AB8F-50C9-4167-AC53-1235069EB25A}.Release|x64.Build.0 = Release|Any CPU
		{AF72AB8F-50C9-4167-AC53-1235069EB25A}.Release|x86.ActiveCfg = Release|Any CPU
		{AF72AB8F-50C9-4167-AC53-1235069EB25A}.Release|x86.Build.0 = Release|Any CPU
		{12B7FD8C-831E-4507-8230-7BADABC8BE94}.Debug|Any CPU.ActiveCfg = Debug|Any CPU
		{12B7FD8C-831E-4507-8230-7BADABC8BE94}.Debug|Any CPU.Build.0 = Debug|Any CPU
		{12B7FD8C-831E-4507-8230-7BADABC8BE94}.Debug|x64.ActiveCfg = Debug|Any CPU
		{12B7FD8C-831E-4507-8230-7BADABC8BE94}.Debug|x64.Build.0 = Debug|Any CPU
		{12B7FD8C-831E-4507-8230-7BADABC8BE94}.Debug|x86.ActiveCfg = Debug|Any CPU
		{12B7FD8C-831E-4507-8230-7BADABC8BE94}.Debug|x86.Build.0 = Debug|Any CPU
		{12B7FD8C-831E-4507-8230-7BADABC8BE94}.Release|Any CPU.ActiveCfg = Release|Any CPU
		{12B7FD8C-831E-4507-8230-7BADABC8BE94}.Release|Any CPU.Build.0 = Release|Any CPU
		{12B7FD8C-831E-4507-8230-7BADABC8BE94}.Release|x64.ActiveCfg = Release|Any CPU
		{12B7FD8C-831E-4507-8230-7BADABC8BE94}.Release|x64.Build.0 = Release|Any CPU
		{12B7FD8C-831E-4507-8230-7BADABC8BE94}.Release|x86.ActiveCfg = Release|Any CPU
		{12B7FD8C-831E-4507-8230-7BADABC8BE94}.Release|x86.Build.0 = Release|Any CPU
	EndGlobalSection
	GlobalSection(SolutionProperties) = preSolution
		HideSolutionNode = FALSE
	EndGlobalSection
	GlobalSection(ExtensibilityGlobals) = postSolution
		SolutionGuid = {D42D41DB-2469-4C81-9B5E-B413A22CCC48}
	EndGlobalSection
EndGlobal
